
Microsoft Visual Studio Solution File, Format Version 12.00
# Visual Studio Version 16
VisualStudioVersion = 16.0.31205.134
MinimumVisualStudioVersion = 10.0.40219.1
Project("{FAE04EC0-301F-11D3-BF4B-00C04F79EFBC}") = "Bobedre", "Bobedre\Bobedre.csproj", "{92D4A36B-F782-4ADE-9A22-FEA06473FE09}"
EndProject
Project("{FAE04EC0-301F-11D3-BF4B-00C04F79EFBC}") = "BoBedre.Core", "BoBedre.Core\BoBedre.Core.csproj", "{B120E2C5-8DAE-42A5-9CA1-2541B1092058}"
EndProject
Project("{FAE04EC0-301F-11D3-BF4B-00C04F79EFBC}") = "BoBedre.Infrastructure", "BoBedre.Infrastructure\BoBedre.Infrastructure.csproj", "{8C837358-87C8-4B48-A107-94EA0C0369E3}"
EndProject
Project("{FAE04EC0-301F-11D3-BF4B-00C04F79EFBC}") = "BoBedre.Core.Test", "BoBedre.Core.Test\BoBedre.Core.Test.csproj", "{A532445E-34E9-4177-8269-0C40EF6B079D}"
EndProject
Global
	GlobalSection(SolutionConfigurationPlatforms) = preSolution
		Debug|Any CPU = Debug|Any CPU
		Release|Any CPU = Release|Any CPU
	EndGlobalSection
	GlobalSection(ProjectConfigurationPlatforms) = postSolution
		{92D4A36B-F782-4ADE-9A22-FEA06473FE09}.Debug|Any CPU.ActiveCfg = Debug|Any CPU
		{92D4A36B-F782-4ADE-9A22-FEA06473FE09}.Debug|Any CPU.Build.0 = Debug|Any CPU
		{92D4A36B-F782-4ADE-9A22-FEA06473FE09}.Release|Any CPU.ActiveCfg = Release|Any CPU
		{92D4A36B-F782-4ADE-9A22-FEA06473FE09}.Release|Any CPU.Build.0 = Release|Any CPU
		{B120E2C5-8DAE-42A5-9CA1-2541B1092058}.Debug|Any CPU.ActiveCfg = Debug|Any CPU
		{B120E2C5-8DAE-42A5-9CA1-2541B1092058}.Debug|Any CPU.Build.0 = Debug|Any CPU
		{B120E2C5-8DAE-42A5-9CA1-2541B1092058}.Release|Any CPU.ActiveCfg = Release|Any CPU
		{B120E2C5-8DAE-42A5-9CA1-2541B1092058}.Release|Any CPU.Build.0 = Release|Any CPU
		{8C837358-87C8-4B48-A107-94EA0C0369E3}.Debug|Any CPU.ActiveCfg = Debug|Any CPU
		{8C837358-87C8-4B48-A107-94EA0C0369E3}.Debug|Any CPU.Build.0 = Debug|Any CPU
		{8C837358-87C8-4B48-A107-94EA0C0369E3}.Release|Any CPU.ActiveCfg = Release|Any CPU
		{8C837358-87C8-4B48-A107-94EA0C0369E3}.Release|Any CPU.Build.0 = Release|Any CPU
		{A532445E-34E9-4177-8269-0C40EF6B079D}.Debug|Any CPU.ActiveCfg = Debug|Any CPU
		{A532445E-34E9-4177-8269-0C40EF6B079D}.Debug|Any CPU.Build.0 = Debug|Any CPU
		{A532445E-34E9-4177-8269-0C40EF6B079D}.Release|Any CPU.ActiveCfg = Release|Any CPU
		{A532445E-34E9-4177-8269-0C40EF6B079D}.Release|Any CPU.Build.0 = Release|Any CPU
	EndGlobalSection
	GlobalSection(SolutionProperties) = preSolution
		HideSolutionNode = FALSE
	EndGlobalSection
	GlobalSection(ExtensibilityGlobals) = postSolution
		SolutionGuid = {0B8B16C1-ED93-4312-8072-80B02B990A60}
	EndGlobalSection
EndGlobal
